// !$*UTF8*$!
{
	archiveVersion = 1;
	classes = {
	};
	objectVersion = 51;
	objects = {

/* Begin PBXBuildFile section */
		7892E72AE3C9AC8A8E8F3613 /* Pods_SocialMediaApp.framework in Frameworks */ = {isa = PBXBuildFile; fileRef = C4C05009E35C180EA7A48297 /* Pods_SocialMediaApp.framework */; };
		9C49AE7C2484F36500AFF7D3 /* AppDelegate.swift in Sources */ = {isa = PBXBuildFile; fileRef = 9C49AE7B2484F36500AFF7D3 /* AppDelegate.swift */; };
		9C49AE7E2484F36500AFF7D3 /* SceneDelegate.swift in Sources */ = {isa = PBXBuildFile; fileRef = 9C49AE7D2484F36500AFF7D3 /* SceneDelegate.swift */; };
		9C49AE802484F36500AFF7D3 /* FeedVC.swift in Sources */ = {isa = PBXBuildFile; fileRef = 9C49AE7F2484F36500AFF7D3 /* FeedVC.swift */; };
		9C49AE822484F36500AFF7D3 /* GroupsVC.swift in Sources */ = {isa = PBXBuildFile; fileRef = 9C49AE812484F36500AFF7D3 /* GroupsVC.swift */; };
		9C49AE852484F36500AFF7D3 /* Main.storyboard in Resources */ = {isa = PBXBuildFile; fileRef = 9C49AE832484F36500AFF7D3 /* Main.storyboard */; };
		9C49AE872484F36600AFF7D3 /* Assets.xcassets in Resources */ = {isa = PBXBuildFile; fileRef = 9C49AE862484F36600AFF7D3 /* Assets.xcassets */; };
		9C49AE8A2484F36600AFF7D3 /* LaunchScreen.storyboard in Resources */ = {isa = PBXBuildFile; fileRef = 9C49AE882484F36600AFF7D3 /* LaunchScreen.storyboard */; };
		9C49AE972484FACE00AFF7D3 /* GoogleService-Info.plist in Resources */ = {isa = PBXBuildFile; fileRef = 9C49AE962484FACE00AFF7D3 /* GoogleService-Info.plist */; };
		9C49AE9924850FFB00AFF7D3 /* DataService.swift in Sources */ = {isa = PBXBuildFile; fileRef = 9C49AE9824850FFB00AFF7D3 /* DataService.swift */; };
		9C49AEA1248538F700AFF7D3 /* AuthVC.swift in Sources */ = {isa = PBXBuildFile; fileRef = 9C49AEA0248538F700AFF7D3 /* AuthVC.swift */; };
		9C49AEA32485391200AFF7D3 /* LoginVC.swift in Sources */ = {isa = PBXBuildFile; fileRef = 9C49AEA22485391200AFF7D3 /* LoginVC.swift */; };
		9C49AEA5248539A200AFF7D3 /* InsetTextField.swift in Sources */ = {isa = PBXBuildFile; fileRef = 9C49AEA4248539A200AFF7D3 /* InsetTextField.swift */; };
		9C49AEA82485407000AFF7D3 /* ShadowView.swift in Sources */ = {isa = PBXBuildFile; fileRef = 9C49AEA72485407000AFF7D3 /* ShadowView.swift */; };
		9C49AEAA2485436200AFF7D3 /* AuthService.swift in Sources */ = {isa = PBXBuildFile; fileRef = 9C49AEA92485436200AFF7D3 /* AuthService.swift */; };
		9CFDFFD52487B0A9003298B2 /* MyProfileVC.swift in Sources */ = {isa = PBXBuildFile; fileRef = 9CFDFFD42487B0A9003298B2 /* MyProfileVC.swift */; };
		9CFDFFD72487BD8E003298B2 /* CreatePostVC.swift in Sources */ = {isa = PBXBuildFile; fileRef = 9CFDFFD62487BD8E003298B2 /* CreatePostVC.swift */; };
		9CFDFFD92487D61E003298B2 /* UIViewExt.swift in Sources */ = {isa = PBXBuildFile; fileRef = 9CFDFFD82487D61E003298B2 /* UIViewExt.swift */; };
		9CFDFFDB2487EC31003298B2 /* FeedsCell.swift in Sources */ = {isa = PBXBuildFile; fileRef = 9CFDFFDA2487EC31003298B2 /* FeedsCell.swift */; };
		9CFDFFDD2487EEBE003298B2 /* Message.swift in Sources */ = {isa = PBXBuildFile; fileRef = 9CFDFFDC2487EEBE003298B2 /* Message.swift */; };
/* End PBXBuildFile section */

/* Begin PBXFileReference section */
		9C49AE782484F36500AFF7D3 /* SocialMediaApp.app */ = {isa = PBXFileReference; explicitFileType = wrapper.application; includeInIndex = 0; path = SocialMediaApp.app; sourceTree = BUILT_PRODUCTS_DIR; };
		9C49AE7B2484F36500AFF7D3 /* AppDelegate.swift */ = {isa = PBXFileReference; lastKnownFileType = sourcecode.swift; path = AppDelegate.swift; sourceTree = "<group>"; };
		9C49AE7D2484F36500AFF7D3 /* SceneDelegate.swift */ = {isa = PBXFileReference; lastKnownFileType = sourcecode.swift; path = SceneDelegate.swift; sourceTree = "<group>"; };
		9C49AE7F2484F36500AFF7D3 /* FeedVC.swift */ = {isa = PBXFileReference; lastKnownFileType = sourcecode.swift; path = FeedVC.swift; sourceTree = "<group>"; };
		9C49AE812484F36500AFF7D3 /* GroupsVC.swift */ = {isa = PBXFileReference; lastKnownFileType = sourcecode.swift; path = GroupsVC.swift; sourceTree = "<group>"; };
		9C49AE842484F36500AFF7D3 /* Base */ = {isa = PBXFileReference; lastKnownFileType = file.storyboard; name = Base; path = Base.lproj/Main.storyboard; sourceTree = "<group>"; };
		9C49AE862484F36600AFF7D3 /* Assets.xcassets */ = {isa = PBXFileReference; lastKnownFileType = folder.assetcatalog; path = Assets.xcassets; sourceTree = "<group>"; };
		9C49AE892484F36600AFF7D3 /* Base */ = {isa = PBXFileReference; lastKnownFileType = file.storyboard; name = Base; path = Base.lproj/LaunchScreen.storyboard; sourceTree = "<group>"; };
		9C49AE8B2484F36600AFF7D3 /* Info.plist */ = {isa = PBXFileReference; lastKnownFileType = text.plist.xml; path = Info.plist; sourceTree = "<group>"; };
		9C49AE962484FACE00AFF7D3 /* GoogleService-Info.plist */ = {isa = PBXFileReference; fileEncoding = 4; lastKnownFileType = text.plist.xml; path = "GoogleService-Info.plist"; sourceTree = "<group>"; };
		9C49AE9824850FFB00AFF7D3 /* DataService.swift */ = {isa = PBXFileReference; lastKnownFileType = sourcecode.swift; path = DataService.swift; sourceTree = "<group>"; };
		9C49AEA0248538F700AFF7D3 /* AuthVC.swift */ = {isa = PBXFileReference; lastKnownFileType = sourcecode.swift; path = AuthVC.swift; sourceTree = "<group>"; };
		9C49AEA22485391200AFF7D3 /* LoginVC.swift */ = {isa = PBXFileReference; lastKnownFileType = sourcecode.swift; path = LoginVC.swift; sourceTree = "<group>"; };
		9C49AEA4248539A200AFF7D3 /* InsetTextField.swift */ = {isa = PBXFileReference; lastKnownFileType = sourcecode.swift; path = InsetTextField.swift; sourceTree = "<group>"; };
		9C49AEA72485407000AFF7D3 /* ShadowView.swift */ = {isa = PBXFileReference; lastKnownFileType = sourcecode.swift; path = ShadowView.swift; sourceTree = "<group>"; };
		9C49AEA92485436200AFF7D3 /* AuthService.swift */ = {isa = PBXFileReference; lastKnownFileType = sourcecode.swift; path = AuthService.swift; sourceTree = "<group>"; };
		9CFDFFD42487B0A9003298B2 /* MyProfileVC.swift */ = {isa = PBXFileReference; lastKnownFileType = sourcecode.swift; path = MyProfileVC.swift; sourceTree = "<group>"; };
		9CFDFFD62487BD8E003298B2 /* CreatePostVC.swift */ = {isa = PBXFileReference; lastKnownFileType = sourcecode.swift; path = CreatePostVC.swift; sourceTree = "<group>"; };
		9CFDFFD82487D61E003298B2 /* UIViewExt.swift */ = {isa = PBXFileReference; lastKnownFileType = sourcecode.swift; path = UIViewExt.swift; sourceTree = "<group>"; };
		9CFDFFDA2487EC31003298B2 /* FeedsCell.swift */ = {isa = PBXFileReference; lastKnownFileType = sourcecode.swift; path = FeedsCell.swift; sourceTree = "<group>"; };
		9CFDFFDC2487EEBE003298B2 /* Message.swift */ = {isa = PBXFileReference; lastKnownFileType = sourcecode.swift; path = Message.swift; sourceTree = "<group>"; };
		B752C213B98CB177E637735D /* Pods-SocialMediaApp.release.xcconfig */ = {isa = PBXFileReference; includeInIndex = 1; lastKnownFileType = text.xcconfig; name = "Pods-SocialMediaApp.release.xcconfig"; path = "Target Support Files/Pods-SocialMediaApp/Pods-SocialMediaApp.release.xcconfig"; sourceTree = "<group>"; };
		C4C05009E35C180EA7A48297 /* Pods_SocialMediaApp.framework */ = {isa = PBXFileReference; explicitFileType = wrapper.framework; includeInIndex = 0; path = Pods_SocialMediaApp.framework; sourceTree = BUILT_PRODUCTS_DIR; };
		EB9769352ABD7FC47C9C4FB7 /* Pods-SocialMediaApp.debug.xcconfig */ = {isa = PBXFileReference; includeInIndex = 1; lastKnownFileType = text.xcconfig; name = "Pods-SocialMediaApp.debug.xcconfig"; path = "Target Support Files/Pods-SocialMediaApp/Pods-SocialMediaApp.debug.xcconfig"; sourceTree = "<group>"; };
/* End PBXFileReference section */

/* Begin PBXFrameworksBuildPhase section */
		9C49AE752484F36500AFF7D3 /* Frameworks */ = {
			isa = PBXFrameworksBuildPhase;
			buildActionMask = 2147483647;
			files = (
				7892E72AE3C9AC8A8E8F3613 /* Pods_SocialMediaApp.framework in Frameworks */,
			);
			runOnlyForDeploymentPostprocessing = 0;
		};
/* End PBXFrameworksBuildPhase section */

/* Begin PBXGroup section */
		86A56D59A8EE04B92B623BB5 /* Frameworks */ = {
			isa = PBXGroup;
			children = (
				C4C05009E35C180EA7A48297 /* Pods_SocialMediaApp.framework */,
			);
			name = Frameworks;
			sourceTree = "<group>";
		};
		9C49AE6F2484F36500AFF7D3 = {
			isa = PBXGroup;
			children = (
				9C49AE7A2484F36500AFF7D3 /* SocialMediaApp */,
				9C49AE792484F36500AFF7D3 /* Products */,
				F425BB4352EFC95690FAF323 /* Pods */,
				86A56D59A8EE04B92B623BB5 /* Frameworks */,
			);
			sourceTree = "<group>";
		};
		9C49AE792484F36500AFF7D3 /* Products */ = {
			isa = PBXGroup;
			children = (
				9C49AE782484F36500AFF7D3 /* SocialMediaApp.app */,
			);
			name = Products;
			sourceTree = "<group>";
		};
		9C49AE7A2484F36500AFF7D3 /* SocialMediaApp */ = {
			isa = PBXGroup;
			children = (
				9C49AE952484F45200AFF7D3 /* Services */,
				9C49AE942484F44600AFF7D3 /* Extensions */,
				9C49AE932484F43D00AFF7D3 /* View */,
				9C49AE922484F43700AFF7D3 /* Model */,
				9C49AE912484F42100AFF7D3 /* Controller */,
				9C49AE7B2484F36500AFF7D3 /* AppDelegate.swift */,
				9C49AE7D2484F36500AFF7D3 /* SceneDelegate.swift */,
				9C49AE832484F36500AFF7D3 /* Main.storyboard */,
				9C49AE862484F36600AFF7D3 /* Assets.xcassets */,
				9C49AE882484F36600AFF7D3 /* LaunchScreen.storyboard */,
				9C49AE8B2484F36600AFF7D3 /* Info.plist */,
				9C49AE962484FACE00AFF7D3 /* GoogleService-Info.plist */,
			);
			path = SocialMediaApp;
			sourceTree = "<group>";
		};
		9C49AE912484F42100AFF7D3 /* Controller */ = {
			isa = PBXGroup;
			children = (
				9C49AE7F2484F36500AFF7D3 /* FeedVC.swift */,
				9C49AE812484F36500AFF7D3 /* GroupsVC.swift */,
				9C49AEA0248538F700AFF7D3 /* AuthVC.swift */,
				9C49AEA22485391200AFF7D3 /* LoginVC.swift */,
				9CFDFFD42487B0A9003298B2 /* MyProfileVC.swift */,
				9CFDFFD62487BD8E003298B2 /* CreatePostVC.swift */,
			);
			path = Controller;
			sourceTree = "<group>";
		};
		9C49AE922484F43700AFF7D3 /* Model */ = {
			isa = PBXGroup;
			children = (
				9CFDFFDC2487EEBE003298B2 /* Message.swift */,
			);
			path = Model;
			sourceTree = "<group>";
		};
		9C49AE932484F43D00AFF7D3 /* View */ = {
			isa = PBXGroup;
			children = (
				9C49AEA4248539A200AFF7D3 /* InsetTextField.swift */,
				9C49AEA72485407000AFF7D3 /* ShadowView.swift */,
				9CFDFFDA2487EC31003298B2 /* FeedsCell.swift */,
			);
			path = View;
			sourceTree = "<group>";
		};
		9C49AE942484F44600AFF7D3 /* Extensions */ = {
			isa = PBXGroup;
			children = (
				9CFDFFD82487D61E003298B2 /* UIViewExt.swift */,
			);
			path = Extensions;
			sourceTree = "<group>";
		};
		9C49AE952484F45200AFF7D3 /* Services */ = {
			isa = PBXGroup;
			children = (
				9C49AE9824850FFB00AFF7D3 /* DataService.swift */,
				9C49AEA92485436200AFF7D3 /* AuthService.swift */,
			);
			path = Services;
			sourceTree = "<group>";
		};
		F425BB4352EFC95690FAF323 /* Pods */ = {
			isa = PBXGroup;
			children = (
				EB9769352ABD7FC47C9C4FB7 /* Pods-SocialMediaApp.debug.xcconfig */,
				B752C213B98CB177E637735D /* Pods-SocialMediaApp.release.xcconfig */,
			);
			path = Pods;
			sourceTree = "<group>";
		};
/* End PBXGroup section */

/* Begin PBXNativeTarget section */
		9C49AE772484F36500AFF7D3 /* SocialMediaApp */ = {
			isa = PBXNativeTarget;
			buildConfigurationList = 9C49AE8E2484F36600AFF7D3 /* Build configuration list for PBXNativeTarget "SocialMediaApp" */;
			buildPhases = (
				07DA89D8533A97F32C18A889 /* [CP] Check Pods Manifest.lock */,
				9C49AE742484F36500AFF7D3 /* Sources */,
				9C49AE752484F36500AFF7D3 /* Frameworks */,
				9C49AE762484F36500AFF7D3 /* Resources */,
				B0E0C92AAB2139D2E24C4685 /* [CP] Embed Pods Frameworks */,
			);
			buildRules = (
			);
			dependencies = (
			);
			name = SocialMediaApp;
			productName = SocialMediaApp;
			productReference = 9C49AE782484F36500AFF7D3 /* SocialMediaApp.app */;
			productType = "com.apple.product-type.application";
		};
/* End PBXNativeTarget section */

/* Begin PBXProject section */
		9C49AE702484F36500AFF7D3 /* Project object */ = {
			isa = PBXProject;
			attributes = {
				LastSwiftUpdateCheck = 1150;
				LastUpgradeCheck = 1150;
				ORGANIZATIONNAME = "Dumitru Catalin Vunvulea";
				TargetAttributes = {
					9C49AE772484F36500AFF7D3 = {
						CreatedOnToolsVersion = 11.5;
					};
				};
			};
			buildConfigurationList = 9C49AE732484F36500AFF7D3 /* Build configuration list for PBXProject "SocialMediaApp" */;
			compatibilityVersion = "Xcode 9.3";
			developmentRegion = en;
			hasScannedForEncodings = 0;
			knownRegions = (
				en,
				Base,
			);
			mainGroup = 9C49AE6F2484F36500AFF7D3;
			productRefGroup = 9C49AE792484F36500AFF7D3 /* Products */;
			projectDirPath = "";
			projectRoot = "";
			targets = (
				9C49AE772484F36500AFF7D3 /* SocialMediaApp */,
			);
		};
/* End PBXProject section */

/* Begin PBXResourcesBuildPhase section */
		9C49AE762484F36500AFF7D3 /* Resources */ = {
			isa = PBXResourcesBuildPhase;
			buildActionMask = 2147483647;
			files = (
				9C49AE8A2484F36600AFF7D3 /* LaunchScreen.storyboard in Resources */,
				9C49AE972484FACE00AFF7D3 /* GoogleService-Info.plist in Resources */,
				9C49AE872484F36600AFF7D3 /* Assets.xcassets in Resources */,
				9C49AE852484F36500AFF7D3 /* Main.storyboard in Resources */,
			);
			runOnlyForDeploymentPostprocessing = 0;
		};
/* End PBXResourcesBuildPhase section */

/* Begin PBXShellScriptBuildPhase section */
		07DA89D8533A97F32C18A889 /* [CP] Check Pods Manifest.lock */ = {
			isa = PBXShellScriptBuildPhase;
			buildActionMask = 2147483647;
			files = (
			);
			inputFileListPaths = (
			);
			inputPaths = (
				"${PODS_PODFILE_DIR_PATH}/Podfile.lock",
				"${PODS_ROOT}/Manifest.lock",
			);
			name = "[CP] Check Pods Manifest.lock";
			outputFileListPaths = (
			);
			outputPaths = (
				"$(DERIVED_FILE_DIR)/Pods-SocialMediaApp-checkManifestLockResult.txt",
			);
			runOnlyForDeploymentPostprocessing = 0;
			shellPath = /bin/sh;
			shellScript = "diff \"${PODS_PODFILE_DIR_PATH}/Podfile.lock\" \"${PODS_ROOT}/Manifest.lock\" > /dev/null\nif [ $? != 0 ] ; then\n    # print error to STDERR\n    echo \"error: The sandbox is not in sync with the Podfile.lock. Run 'pod install' or update your CocoaPods installation.\" >&2\n    exit 1\nfi\n# This output is used by Xcode 'outputs' to avoid re-running this script phase.\necho \"SUCCESS\" > \"${SCRIPT_OUTPUT_FILE_0}\"\n";
			showEnvVarsInLog = 0;
		};
		B0E0C92AAB2139D2E24C4685 /* [CP] Embed Pods Frameworks */ = {
			isa = PBXShellScriptBuildPhase;
			buildActionMask = 2147483647;
			files = (
			);
			inputFileListPaths = (
				"${PODS_ROOT}/Target Support Files/Pods-SocialMediaApp/Pods-SocialMediaApp-frameworks-${CONFIGURATION}-input-files.xcfilelist",
			);
			name = "[CP] Embed Pods Frameworks";
			outputFileListPaths = (
				"${PODS_ROOT}/Target Support Files/Pods-SocialMediaApp/Pods-SocialMediaApp-frameworks-${CONFIGURATION}-output-files.xcfilelist",
			);
			runOnlyForDeploymentPostprocessing = 0;
			shellPath = /bin/sh;
			shellScript = "\"${PODS_ROOT}/Target Support Files/Pods-SocialMediaApp/Pods-SocialMediaApp-frameworks.sh\"\n";
			showEnvVarsInLog = 0;
		};
/* End PBXShellScriptBuildPhase section */

/* Begin PBXSourcesBuildPhase section */
		9C49AE742484F36500AFF7D3 /* Sources */ = {
			isa = PBXSourcesBuildPhase;
			buildActionMask = 2147483647;
			files = (
				9CFDFFD92487D61E003298B2 /* UIViewExt.swift in Sources */,
				9C49AEA82485407000AFF7D3 /* ShadowView.swift in Sources */,
				9C49AEA1248538F700AFF7D3 /* AuthVC.swift in Sources */,
				9C49AE822484F36500AFF7D3 /* GroupsVC.swift in Sources */,
				9C49AEA32485391200AFF7D3 /* LoginVC.swift in Sources */,
				9C49AEA5248539A200AFF7D3 /* InsetTextField.swift in Sources */,
				9C49AE802484F36500AFF7D3 /* FeedVC.swift in Sources */,
				9C49AE7C2484F36500AFF7D3 /* AppDelegate.swift in Sources */,
				9C49AEAA2485436200AFF7D3 /* AuthService.swift in Sources */,
				9CFDFFD72487BD8E003298B2 /* CreatePostVC.swift in Sources */,
				9C49AE7E2484F36500AFF7D3 /* SceneDelegate.swift in Sources */,
				9C49AE9924850FFB00AFF7D3 /* DataService.swift in Sources */,
				9CFDFFDD2487EEBE003298B2 /* Message.swift in Sources */,
				9CFDFFD52487B0A9003298B2 /* MyProfileVC.swift in Sources */,
				9CFDFFDB2487EC31003298B2 /* FeedsCell.swift in Sources */,
			);
			runOnlyForDeploymentPostprocessing = 0;
		};
/* End PBXSourcesBuildPhase section */

/* Begin PBXVariantGroup section */
		9C49AE832484F36500AFF7D3 /* Main.storyboard */ = {
			isa = PBXVariantGroup;
			children = (
				9C49AE842484F36500AFF7D3 /* Base */,
			);
			name = Main.storyboard;
			sourceTree = "<group>";
		};
		9C49AE882484F36600AFF7D3 /* LaunchScreen.storyboard */ = {
			isa = PBXVariantGroup;
			children = (
				9C49AE892484F36600AFF7D3 /* Base */,
			);
			name = LaunchScreen.storyboard;
			sourceTree = "<group>";
		};
/* End PBXVariantGroup section */

/* Begin XCBuildConfiguration section */
		9C49AE8C2484F36600AFF7D3 /* Debug */ = {
			isa = XCBuildConfiguration;
			buildSettings = {
				ALWAYS_SEARCH_USER_PATHS = NO;
				CLANG_ANALYZER_NONNULL = YES;
				CLANG_ANALYZER_NUMBER_OBJECT_CONVERSION = YES_AGGRESSIVE;
				CLANG_CXX_LANGUAGE_STANDARD = "gnu++14";
				CLANG_CXX_LIBRARY = "libc++";
				CLANG_ENABLE_MODULES = YES;
				CLANG_ENABLE_OBJC_ARC = YES;
				CLANG_ENABLE_OBJC_WEAK = YES;
				CLANG_WARN_BLOCK_CAPTURE_AUTORELEASING = YES;
				CLANG_WARN_BOOL_CONVERSION = YES;
				CLANG_WARN_COMMA = YES;
				CLANG_WARN_CONSTANT_CONVERSION = YES;
				CLANG_WARN_DEPRECATED_OBJC_IMPLEMENTATIONS = YES;
				CLANG_WARN_DIRECT_OBJC_ISA_USAGE = YES_ERROR;
				CLANG_WARN_DOCUMENTATION_COMMENTS = YES;
				CLANG_WARN_EMPTY_BODY = YES;
				CLANG_WARN_ENUM_CONVERSION = YES;
				CLANG_WARN_INFINITE_RECURSION = YES;
				CLANG_WARN_INT_CONVERSION = YES;
				CLANG_WARN_NON_LITERAL_NULL_CONVERSION = YES;
				CLANG_WARN_OBJC_IMPLICIT_RETAIN_SELF = YES;
				CLANG_WARN_OBJC_LITERAL_CONVERSION = YES;
				CLANG_WARN_OBJC_ROOT_CLASS = YES_ERROR;
				CLANG_WARN_RANGE_LOOP_ANALYSIS = YES;
				CLANG_WARN_STRICT_PROTOTYPES = YES;
				CLANG_WARN_SUSPICIOUS_MOVE = YES;
				CLANG_WARN_UNGUARDED_AVAILABILITY = YES_AGGRESSIVE;
				CLANG_WARN_UNREACHABLE_CODE = YES;
				CLANG_WARN__DUPLICATE_METHOD_MATCH = YES;
				COPY_PHASE_STRIP = NO;
				DEBUG_INFORMATION_FORMAT = dwarf;
				ENABLE_STRICT_OBJC_MSGSEND = YES;
				ENABLE_TESTABILITY = YES;
				GCC_C_LANGUAGE_STANDARD = gnu11;
				GCC_DYNAMIC_NO_PIC = NO;
				GCC_NO_COMMON_BLOCKS = YES;
				GCC_OPTIMIZATION_LEVEL = 0;
				GCC_PREPROCESSOR_DEFINITIONS = (
					"DEBUG=1",
					"$(inherited)",
				);
				GCC_WARN_64_TO_32_BIT_CONVERSION = YES;
				GCC_WARN_ABOUT_RETURN_TYPE = YES_ERROR;
				GCC_WARN_UNDECLARED_SELECTOR = YES;
				GCC_WARN_UNINITIALIZED_AUTOS = YES_AGGRESSIVE;
				GCC_WARN_UNUSED_FUNCTION = YES;
				GCC_WARN_UNUSED_VARIABLE = YES;
				IPHONEOS_DEPLOYMENT_TARGET = 13.5;
				MTL_ENABLE_DEBUG_INFO = INCLUDE_SOURCE;
				MTL_FAST_MATH = YES;
				ONLY_ACTIVE_ARCH = YES;
				SDKROOT = iphoneos;
				SWIFT_ACTIVE_COMPILATION_CONDITIONS = DEBUG;
				SWIFT_OPTIMIZATION_LEVEL = "-Onone";
			};
			name = Debug;
		};
		9C49AE8D2484F36600AFF7D3 /* Release */ = {
			isa = XCBuildConfiguration;
			buildSettings = {
				ALWAYS_SEARCH_USER_PATHS = NO;
				CLANG_ANALYZER_NONNULL = YES;
				CLANG_ANALYZER_NUMBER_OBJECT_CONVERSION = YES_AGGRESSIVE;
				CLANG_CXX_LANGUAGE_STANDARD = "gnu++14";
				CLANG_CXX_LIBRARY = "libc++";
				CLANG_ENABLE_MODULES = YES;
				CLANG_ENABLE_OBJC_ARC = YES;
				CLANG_ENABLE_OBJC_WEAK = YES;
				CLANG_WARN_BLOCK_CAPTURE_AUTORELEASING = YES;
				CLANG_WARN_BOOL_CONVERSION = YES;
				CLANG_WARN_COMMA = YES;
				CLANG_WARN_CONSTANT_CONVERSION = YES;
				CLANG_WARN_DEPRECATED_OBJC_IMPLEMENTATIONS = YES;
				CLANG_WARN_DIRECT_OBJC_ISA_USAGE = YES_ERROR;
				CLANG_WARN_DOCUMENTATION_COMMENTS = YES;
				CLANG_WARN_EMPTY_BODY = YES;
				CLANG_WARN_ENUM_CONVERSION = YES;
				CLANG_WARN_INFINITE_RECURSION = YES;
				CLANG_WARN_INT_CONVERSION = YES;
				CLANG_WARN_NON_LITERAL_NULL_CONVERSION = YES;
				CLANG_WARN_OBJC_IMPLICIT_RETAIN_SELF = YES;
				CLANG_WARN_OBJC_LITERAL_CONVERSION = YES;
				CLANG_WARN_OBJC_ROOT_CLASS = YES_ERROR;
				CLANG_WARN_RANGE_LOOP_ANALYSIS = YES;
				CLANG_WARN_STRICT_PROTOTYPES = YES;
				CLANG_WARN_SUSPICIOUS_MOVE = YES;
				CLANG_WARN_UNGUARDED_AVAILABILITY = YES_AGGRESSIVE;
				CLANG_WARN_UNREACHABLE_CODE = YES;
				CLANG_WARN__DUPLICATE_METHOD_MATCH = YES;
				COPY_PHASE_STRIP = NO;
				DEBUG_INFORMATION_FORMAT = "dwarf-with-dsym";
				ENABLE_NS_ASSERTIONS = NO;
				ENABLE_STRICT_OBJC_MSGSEND = YES;
				GCC_C_LANGUAGE_STANDARD = gnu11;
				GCC_NO_COMMON_BLOCKS = YES;
				GCC_WARN_64_TO_32_BIT_CONVERSION = YES;
				GCC_WARN_ABOUT_RETURN_TYPE = YES_ERROR;
				GCC_WARN_UNDECLARED_SELECTOR = YES;
				GCC_WARN_UNINITIALIZED_AUTOS = YES_AGGRESSIVE;
				GCC_WARN_UNUSED_FUNCTION = YES;
				GCC_WARN_UNUSED_VARIABLE = YES;
				IPHONEOS_DEPLOYMENT_TARGET = 13.5;
				MTL_ENABLE_DEBUG_INFO = NO;
				MTL_FAST_MATH = YES;
				SDKROOT = iphoneos;
				SWIFT_COMPILATION_MODE = wholemodule;
				SWIFT_OPTIMIZATION_LEVEL = "-O";
				VALIDATE_PRODUCT = YES;
			};
			name = Release;
		};
		9C49AE8F2484F36600AFF7D3 /* Debug */ = {
			isa = XCBuildConfiguration;
			baseConfigurationReference = EB9769352ABD7FC47C9C4FB7 /* Pods-SocialMediaApp.debug.xcconfig */;
			buildSettings = {
				ASSETCATALOG_COMPILER_APPICON_NAME = AppIcon;
				CODE_SIGN_STYLE = Automatic;
				DEVELOPMENT_TEAM = 4R494D9SDJ;
				INFOPLIST_FILE = SocialMediaApp/Info.plist;
				LD_RUNPATH_SEARCH_PATHS = (
					"$(inherited)",
					"@executable_path/Frameworks",
				);
				PRODUCT_BUNDLE_IDENTIFIER = NoOrgIdent.SocialMediaApp;
				PRODUCT_NAME = "$(TARGET_NAME)";
				SWIFT_VERSION = 5.0;
				TARGETED_DEVICE_FAMILY = "1,2";
			};
			name = Debug;
		};
		9C49AE902484F36600AFF7D3 /* Release */ = {
			isa = XCBuildConfiguration;
			baseConfigurationReference = B752C213B98CB177E637735D /* Pods-SocialMediaApp.release.xcconfig */;
			buildSettings = {
				ASSETCATALOG_COMPILER_APPICON_NAME = AppIcon;
				CODE_SIGN_STYLE = Automatic;
				DEVELOPMENT_TEAM = 4R494D9SDJ;
				INFOPLIST_FILE = SocialMediaApp/Info.plist;
				LD_RUNPATH_SEARCH_PATHS = (
					"$(inherited)",
					"@executable_path/Frameworks",
				);
				PRODUCT_BUNDLE_IDENTIFIER = NoOrgIdent.SocialMediaApp;
				PRODUCT_NAME = "$(TARGET_NAME)";
				SWIFT_VERSION = 5.0;
				TARGETED_DEVICE_FAMILY = "1,2";
			};
			name = Release;
		};
/* End XCBuildConfiguration section */

/* Begin XCConfigurationList section */
		9C49AE732484F36500AFF7D3 /* Build configuration list for PBXProject "SocialMediaApp" */ = {
			isa = XCConfigurationList;
			buildConfigurations = (
				9C49AE8C2484F36600AFF7D3 /* Debug */,
				9C49AE8D2484F36600AFF7D3 /* Release */,
			);
			defaultConfigurationIsVisible = 0;
			defaultConfigurationName = Release;
		};
		9C49AE8E2484F36600AFF7D3 /* Build configuration list for PBXNativeTarget "SocialMediaApp" */ = {
			isa = XCConfigurationList;
			buildConfigurations = (
				9C49AE8F2484F36600AFF7D3 /* Debug */,
				9C49AE902484F36600AFF7D3 /* Release */,
			);
			defaultConfigurationIsVisible = 0;
			defaultConfigurationName = Release;
		};
/* End XCConfigurationList section */
	};
	rootObject = 9C49AE702484F36500AFF7D3 /* Project object */;
}
